// !$*UTF8*$!
{
	archiveVersion = 1;
	classes = {
	};
	objectVersion = 56;
	objects = {

/* Begin PBXBuildFile section */
		EE00BB7C29AC71F4007CE728 /* FileIO.swift in Sources */ = {isa = PBXBuildFile; fileRef = EE00BB7B29AC71F4007CE728 /* FileIO.swift */; };
		EE00BBA529ADB45A007CE728 /* 다트 게임.swift in Sources */ = {isa = PBXBuildFile; fileRef = EE00BBA429ADB45A007CE728 /* 다트 게임.swift */; };
		EE00BBA929AE1657007CE728 /* 과일 장수.swift in Sources */ = {isa = PBXBuildFile; fileRef = EE00BBA829AE1657007CE728 /* 과일 장수.swift */; };
		EE0323602A12008700474689 /* 주차 요금 계산.swift in Sources */ = {isa = PBXBuildFile; fileRef = EE03235F2A12008700474689 /* 주차 요금 계산.swift */; };
		EE0323642A1308CE00474689 /* 오픈채팅방.swift in Sources */ = {isa = PBXBuildFile; fileRef = EE0323632A1308CE00474689 /* 오픈채팅방.swift */; };
		EE0460B42A0B622B0054F627 /* 불량 사용자.swift in Sources */ = {isa = PBXBuildFile; fileRef = EE0460B32A0B622B0054F627 /* 불량 사용자.swift */; };
		EE185F942A21A63700C623BA /* 롤케이크 자르기.swift in Sources */ = {isa = PBXBuildFile; fileRef = EE185F932A21A63700C623BA /* 롤케이크 자르기.swift */; };
		EE2454462A22FCB000972F3F /* 가장 큰 수.swift in Sources */ = {isa = PBXBuildFile; fileRef = EE2454452A22FCB000972F3F /* 가장 큰 수.swift */; };
		EE2454482A230AC600972F3F /* 합승 택시 요금.swift in Sources */ = {isa = PBXBuildFile; fileRef = EE2454472A230AC600972F3F /* 합승 택시 요금.swift */; };
		EE2738AF29BEC7FE006077A3 /* 성격 유형 검사하기.swift in Sources */ = {isa = PBXBuildFile; fileRef = EE2738AE29BEC7FE006077A3 /* 성격 유형 검사하기.swift */; };
		EE2738B129BED9A0006077A3 /* 햄버거 만들기.swift in Sources */ = {isa = PBXBuildFile; fileRef = EE2738B029BED9A0006077A3 /* 햄버거 만들기.swift */; };
		EE2738B729C0360B006077A3 /* 둘만의 암호.swift in Sources */ = {isa = PBXBuildFile; fileRef = EE2738B629C0360B006077A3 /* 둘만의 암호.swift */; };
		EE2738C429C193A3006077A3 /* 대충 만든 자판.swift in Sources */ = {isa = PBXBuildFile; fileRef = EE2738C329C193A3006077A3 /* 대충 만든 자판.swift */; };
		EE27C53C29C7DB0F00285CC5 /* 최댓값과 최솟값.swift in Sources */ = {isa = PBXBuildFile; fileRef = EE27C53B29C7DB0F00285CC5 /* 최댓값과 최솟값.swift */; };
		EE27C54029C7E50B00285CC5 /* 최솟값 만들기.swift in Sources */ = {isa = PBXBuildFile; fileRef = EE27C53F29C7E50B00285CC5 /* 최솟값 만들기.swift */; };
		EE27C54329C7E6EB00285CC5 /* 15686.swift in Sources */ = {isa = PBXBuildFile; fileRef = EE27C54229C7E6EB00285CC5 /* 15686.swift */; };
		EE27C55429C92B6200285CC5 /* 올바른 괄호.swift in Sources */ = {isa = PBXBuildFile; fileRef = EE27C55329C92B6200285CC5 /* 올바른 괄호.swift */; };
		EE27C55629C92C9200285CC5 /* 이진 변환 반복하기.swift in Sources */ = {isa = PBXBuildFile; fileRef = EE27C55529C92C9200285CC5 /* 이진 변환 반복하기.swift */; };
		EE27C55829C934CE00285CC5 /* 피보나치 수.swift in Sources */ = {isa = PBXBuildFile; fileRef = EE27C55729C934CE00285CC5 /* 피보나치 수.swift */; };
		EE27C56229CC000D00285CC5 /* 2422.swift in Sources */ = {isa = PBXBuildFile; fileRef = EE27C56129CC000D00285CC5 /* 2422.swift */; };
		EE2E5E6C29B5884D00545253 /* 체육복.swift in Sources */ = {isa = PBXBuildFile; fileRef = EE2E5E6B29B5884D00545253 /* 체육복.swift */; };
		EE36D1052A0A5A960070A176 /* 피로도.swift in Sources */ = {isa = PBXBuildFile; fileRef = EE36D1042A0A5A960070A176 /* 피로도.swift */; };
		EE3C4CD52A2B0C6D0049F737 /* 큰 수 찾기.swift in Sources */ = {isa = PBXBuildFile; fileRef = EE3C4CD42A2B0C6D0049F737 /* 큰 수 찾기.swift */; };
		EE3C4CF52A2C31130049F737 /* 삼각 달팽이.swift in Sources */ = {isa = PBXBuildFile; fileRef = EE3C4CF42A2C31130049F737 /* 삼각 달팽이.swift */; };
		EE3D6BB72A1FB1510087DFD6 /* 숫자 변환하기.swift in Sources */ = {isa = PBXBuildFile; fileRef = EE3D6BB62A1FB1510087DFD6 /* 숫자 변환하기.swift */; };
		EE3D6BBB2A2090CD0087DFD6 /* 다리를 지나는 트럭.swift in Sources */ = {isa = PBXBuildFile; fileRef = EE3D6BBA2A2090CD0087DFD6 /* 다리를 지나는 트럭.swift */; };
		EE42F94F2A18895D00AFDD03 /* 가장 먼 노드.swift in Sources */ = {isa = PBXBuildFile; fileRef = EE42F94E2A18895D00AFDD03 /* 가장 먼 노드.swift */; };
		EE46CFEB2A1CAB1C0055E30B /* 뒤에 있는 큰 수 찾기.swift in Sources */ = {isa = PBXBuildFile; fileRef = EE46CFEA2A1CAB1C0055E30B /* 뒤에 있는 큰 수 찾기.swift */; };
		EE46CFEF2A1DCF7F0055E30B /* 2개 이하로 다른 비트.swift in Sources */ = {isa = PBXBuildFile; fileRef = EE46CFEE2A1DCF7F0055E30B /* 2개 이하로 다른 비트.swift */; };
		EE53E11329C2E7B600AD7E62 /* 개인정보 수집 유효기간.swift in Sources */ = {isa = PBXBuildFile; fileRef = EE53E11229C2E7B600AD7E62 /* 개인정보 수집 유효기간.swift */; };
		EE54C82D2A0DFCBB00C0652E /* n진수 게임.swift in Sources */ = {isa = PBXBuildFile; fileRef = EE54C82C2A0DFCBB00C0652E /* n진수 게임.swift */; };
		EE6AB9342A270CB600F18596 /* 쿼드압축 후 개수 세기.swift in Sources */ = {isa = PBXBuildFile; fileRef = EE6AB9332A270CB600F18596 /* 쿼드압축 후 개수 세기.swift */; };
		EE6AEAA529AF24F000AB6E16 /* 명예의 전당.swift in Sources */ = {isa = PBXBuildFile; fileRef = EE6AEAA429AF24F000AB6E16 /* 명예의 전당.swift */; };
		EE80682A2A19CE2700290DE9 /* 여행 경로.swift in Sources */ = {isa = PBXBuildFile; fileRef = EE8068292A19CE2700290DE9 /* 여행 경로.swift */; };
		EE813FE929C56A120091F16E /* 바탕화면 정리.swift in Sources */ = {isa = PBXBuildFile; fileRef = EE813FE829C56A120091F16E /* 바탕화면 정리.swift */; };
		EE938D9229CD4895003A5BF6 /* 영어 끝말잇기.swift in Sources */ = {isa = PBXBuildFile; fileRef = EE938D9129CD4895003A5BF6 /* 영어 끝말잇기.swift */; };
		EE938D9629CD53B8003A5BF6 /* 예상 대진표.swift in Sources */ = {isa = PBXBuildFile; fileRef = EE938D9529CD53B8003A5BF6 /* 예상 대진표.swift */; };
		EE9D44B32A1B22E900D34A37 /* 프렌즈4블록.swift in Sources */ = {isa = PBXBuildFile; fileRef = EE9D44B22A1B22E900D34A37 /* 프렌즈4블록.swift */; };
		EEAEC89F298CACDD001B1D62 /* main.swift in Sources */ = {isa = PBXBuildFile; fileRef = EEAEC89E298CACDD001B1D62 /* main.swift */; };
		EEC5CAF129B0677900FF4C26 /* 로또의 최고 순위와 최저 순위.swift in Sources */ = {isa = PBXBuildFile; fileRef = EEC5CAF029B0677900FF4C26 /* 로또의 최고 순위와 최저 순위.swift */; };
		EED6FC712A020BE5006F6D72 /* 2493.swift in Sources */ = {isa = PBXBuildFile; fileRef = EED6FC702A020BE5006F6D72 /* 2493.swift */; };
		EED6FC772A036698006F6D72 /* 2800.swift in Sources */ = {isa = PBXBuildFile; fileRef = EED6FC762A036698006F6D72 /* 2800.swift */; };
		EED6FC7B2A04BC9E006F6D72 /* 프로세스.swift in Sources */ = {isa = PBXBuildFile; fileRef = EED6FC7A2A04BC9E006F6D72 /* 프로세스.swift */; };
		EEF5BE5A2A14954800D2CA06 /* 땅따먹기.swift in Sources */ = {isa = PBXBuildFile; fileRef = EEF5BE592A14954800D2CA06 /* 땅따먹기.swift */; };
/* End PBXBuildFile section */

/* Begin PBXCopyFilesBuildPhase section */
		EEAEC899298CACDD001B1D62 /* CopyFiles */ = {
			isa = PBXCopyFilesBuildPhase;
			buildActionMask = 2147483647;
			dstPath = /usr/share/man/man1/;
			dstSubfolderSpec = 0;
			files = (
			);
			runOnlyForDeploymentPostprocessing = 1;
		};
/* End PBXCopyFilesBuildPhase section */

/* Begin PBXFileReference section */
		EE00BB7929AC626B007CE728 /* 21941.swift */ = {isa = PBXFileReference; lastKnownFileType = sourcecode.swift; path = 21941.swift; sourceTree = "<group>"; };
		EE00BB7B29AC71F4007CE728 /* FileIO.swift */ = {isa = PBXFileReference; lastKnownFileType = sourcecode.swift; path = FileIO.swift; sourceTree = "<group>"; };
		EE00BB7D29AC8463007CE728 /* 실패율.swift */ = {isa = PBXFileReference; lastKnownFileType = sourcecode.swift; path = "실패율.swift"; sourceTree = "<group>"; };
		EE00BBA429ADB45A007CE728 /* 다트 게임.swift */ = {isa = PBXFileReference; lastKnownFileType = sourcecode.swift; path = "다트 게임.swift"; sourceTree = "<group>"; };
		EE00BBA829AE1657007CE728 /* 과일 장수.swift */ = {isa = PBXFileReference; lastKnownFileType = sourcecode.swift; path = "과일 장수.swift"; sourceTree = "<group>"; };
		EE03235F2A12008700474689 /* 주차 요금 계산.swift */ = {isa = PBXFileReference; lastKnownFileType = sourcecode.swift; path = "주차 요금 계산.swift"; sourceTree = "<group>"; };
		EE0323632A1308CE00474689 /* 오픈채팅방.swift */ = {isa = PBXFileReference; lastKnownFileType = sourcecode.swift; path = "오픈채팅방.swift"; sourceTree = "<group>"; };
		EE0460B12A0B4A430054F627 /* k진수에서 소수 개수 구하기.swift */ = {isa = PBXFileReference; lastKnownFileType = sourcecode.swift; path = "k진수에서 소수 개수 구하기.swift"; sourceTree = "<group>"; };
		EE0460B32A0B622B0054F627 /* 불량 사용자.swift */ = {isa = PBXFileReference; lastKnownFileType = sourcecode.swift; path = "불량 사용자.swift"; sourceTree = "<group>"; };
		EE06313529A38485002830FB /* 2016년.swift */ = {isa = PBXFileReference; lastKnownFileType = sourcecode.swift; path = "2016년.swift"; sourceTree = "<group>"; };
		EE06313729A38F02002830FB /* 2629.swift */ = {isa = PBXFileReference; lastKnownFileType = sourcecode.swift; path = 2629.swift; sourceTree = "<group>"; };
		EE06313929A39A8D002830FB /* 콜라 문제.swift */ = {isa = PBXFileReference; lastKnownFileType = sourcecode.swift; path = "콜라 문제.swift"; sourceTree = "<group>"; };
		EE06316929A0DC3B00B3C79B /* K번째 수.swift */ = {isa = PBXFileReference; lastKnownFileType = sourcecode.swift; path = "K번째 수.swift"; sourceTree = "<group>"; };
		EE06316B29A0E08A00B3C79B /* 숫자 문자열과 영단어.swift */ = {isa = PBXFileReference; lastKnownFileType = sourcecode.swift; path = "숫자 문자열과 영단어.swift"; sourceTree = "<group>"; };
		EE06316D29A0E9DE00B3C79B /* 두 개 뽑아서 더하기.swift */ = {isa = PBXFileReference; lastKnownFileType = sourcecode.swift; path = "두 개 뽑아서 더하기.swift"; sourceTree = "<group>"; };
		EE06316F29A0EF0700B3C79B /* 크기가 작은 부분 문자열.swift */ = {isa = PBXFileReference; lastKnownFileType = sourcecode.swift; path = "크기가 작은 부분 문자열.swift"; sourceTree = "<group>"; };
		EE0D8E5029B8395700D96050 /* 옹알이2.swift */ = {isa = PBXFileReference; lastKnownFileType = sourcecode.swift; path = "옹알이2.swift"; sourceTree = "<group>"; };
		EE0D8E5229B85C7D00D96050 /* 카드 뭉치.swift */ = {isa = PBXFileReference; lastKnownFileType = sourcecode.swift; path = "카드 뭉치.swift"; sourceTree = "<group>"; };
		EE185F932A21A63700C623BA /* 롤케이크 자르기.swift */ = {isa = PBXFileReference; lastKnownFileType = sourcecode.swift; path = "롤케이크 자르기.swift"; sourceTree = "<group>"; };
		EE1E94CC29A4DE0600F228C6 /* 푸드 파이트 대회.swift */ = {isa = PBXFileReference; lastKnownFileType = sourcecode.swift; path = "푸드 파이트 대회.swift"; sourceTree = "<group>"; };
		EE2454452A22FCB000972F3F /* 가장 큰 수.swift */ = {isa = PBXFileReference; lastKnownFileType = sourcecode.swift; path = "가장 큰 수.swift"; sourceTree = "<group>"; };
		EE2454472A230AC600972F3F /* 합승 택시 요금.swift */ = {isa = PBXFileReference; lastKnownFileType = sourcecode.swift; path = "합승 택시 요금.swift"; sourceTree = "<group>"; };
		EE2738AE29BEC7FE006077A3 /* 성격 유형 검사하기.swift */ = {isa = PBXFileReference; lastKnownFileType = sourcecode.swift; path = "성격 유형 검사하기.swift"; sourceTree = "<group>"; };
		EE2738B029BED9A0006077A3 /* 햄버거 만들기.swift */ = {isa = PBXFileReference; lastKnownFileType = sourcecode.swift; path = "햄버거 만들기.swift"; sourceTree = "<group>"; };
		EE2738B629C0360B006077A3 /* 둘만의 암호.swift */ = {isa = PBXFileReference; lastKnownFileType = sourcecode.swift; path = "둘만의 암호.swift"; sourceTree = "<group>"; };
		EE2738C329C193A3006077A3 /* 대충 만든 자판.swift */ = {isa = PBXFileReference; lastKnownFileType = sourcecode.swift; path = "대충 만든 자판.swift"; sourceTree = "<group>"; };
		EE27C53B29C7DB0F00285CC5 /* 최댓값과 최솟값.swift */ = {isa = PBXFileReference; lastKnownFileType = sourcecode.swift; path = "최댓값과 최솟값.swift"; sourceTree = "<group>"; };
		EE27C53D29C7DFE900285CC5 /* JadenCase 문자열 만들기.swift */ = {isa = PBXFileReference; lastKnownFileType = sourcecode.swift; path = "JadenCase 문자열 만들기.swift"; sourceTree = "<group>"; };
		EE27C53F29C7E50B00285CC5 /* 최솟값 만들기.swift */ = {isa = PBXFileReference; lastKnownFileType = sourcecode.swift; path = "최솟값 만들기.swift"; sourceTree = "<group>"; };
		EE27C54229C7E6EB00285CC5 /* 15686.swift */ = {isa = PBXFileReference; lastKnownFileType = sourcecode.swift; path = 15686.swift; sourceTree = "<group>"; };
		EE27C55329C92B6200285CC5 /* 올바른 괄호.swift */ = {isa = PBXFileReference; lastKnownFileType = sourcecode.swift; path = "올바른 괄호.swift"; sourceTree = "<group>"; };
		EE27C55529C92C9200285CC5 /* 이진 변환 반복하기.swift */ = {isa = PBXFileReference; lastKnownFileType = sourcecode.swift; path = "이진 변환 반복하기.swift"; sourceTree = "<group>"; };
		EE27C55729C934CE00285CC5 /* 피보나치 수.swift */ = {isa = PBXFileReference; lastKnownFileType = sourcecode.swift; path = "피보나치 수.swift"; sourceTree = "<group>"; };
		EE27C55B29CACA9600285CC5 /* 다음 큰 숫자.swift */ = {isa = PBXFileReference; lastKnownFileType = sourcecode.swift; path = "다음 큰 숫자.swift"; sourceTree = "<group>"; };
		EE27C55F29CBF04700285CC5 /* 짝지어 제거하기.swift */ = {isa = PBXFileReference; lastKnownFileType = sourcecode.swift; path = "짝지어 제거하기.swift"; sourceTree = "<group>"; };
		EE27C56129CC000D00285CC5 /* 2422.swift */ = {isa = PBXFileReference; lastKnownFileType = sourcecode.swift; path = 2422.swift; sourceTree = "<group>"; };
		EE2AE70D29E426B7007046C8 /* 행렬의 곱셈.swift */ = {isa = PBXFileReference; lastKnownFileType = sourcecode.swift; path = "행렬의 곱셈.swift"; sourceTree = "<group>"; };
		EE2AE70F29E42C63007046C8 /* 튜플.swift */ = {isa = PBXFileReference; lastKnownFileType = sourcecode.swift; path = "튜플.swift"; sourceTree = "<group>"; };
		EE2E5E6B29B5884D00545253 /* 체육복.swift */ = {isa = PBXFileReference; lastKnownFileType = sourcecode.swift; path = "체육복.swift"; sourceTree = "<group>"; };
		EE2E5E6D29B58F0E00545253 /* 20366.swift */ = {isa = PBXFileReference; lastKnownFileType = sourcecode.swift; path = 20366.swift; sourceTree = "<group>"; };
		EE2E5E6F29B59F1A00545253 /* 숫자 짝꿍.swift */ = {isa = PBXFileReference; lastKnownFileType = sourcecode.swift; path = "숫자 짝꿍.swift"; sourceTree = "<group>"; };
		EE36D1042A0A5A960070A176 /* 피로도.swift */ = {isa = PBXFileReference; lastKnownFileType = sourcecode.swift; path = "피로도.swift"; sourceTree = "<group>"; };
		EE36D1062A0A604E0070A176 /* 베스트앨범.swift */ = {isa = PBXFileReference; lastKnownFileType = sourcecode.swift; path = "베스트앨범.swift"; sourceTree = "<group>"; };
		EE36DD0029D53DBC00A0612B /* 귤 고르기.swift */ = {isa = PBXFileReference; lastKnownFileType = sourcecode.swift; path = "귤 고르기.swift"; sourceTree = "<group>"; };
		EE37A8C12A086FE50011FB44 /* 타겟 넘버.swift */ = {isa = PBXFileReference; lastKnownFileType = sourcecode.swift; path = "타겟 넘버.swift"; sourceTree = "<group>"; };
		EE37A8C32A088FFD0011FB44 /* 기저국 설치.swift */ = {isa = PBXFileReference; lastKnownFileType = sourcecode.swift; path = "기저국 설치.swift"; sourceTree = "<group>"; };
		EE3A957A29D26B0000CA1A70 /* H-Index.swift */ = {isa = PBXFileReference; lastKnownFileType = sourcecode.swift; path = "H-Index.swift"; sourceTree = "<group>"; };
		EE3C4CD42A2B0C6D0049F737 /* 큰 수 찾기.swift */ = {isa = PBXFileReference; lastKnownFileType = sourcecode.swift; path = "큰 수 찾기.swift"; sourceTree = "<group>"; };
		EE3C4CF42A2C31130049F737 /* 삼각 달팽이.swift */ = {isa = PBXFileReference; lastKnownFileType = sourcecode.swift; path = "삼각 달팽이.swift"; sourceTree = "<group>"; };
		EE3D6BB62A1FB1510087DFD6 /* 숫자 변환하기.swift */ = {isa = PBXFileReference; lastKnownFileType = sourcecode.swift; path = "숫자 변환하기.swift"; sourceTree = "<group>"; };
		EE3D6BBA2A2090CD0087DFD6 /* 다리를 지나는 트럭.swift */ = {isa = PBXFileReference; lastKnownFileType = sourcecode.swift; path = "다리를 지나는 트럭.swift"; sourceTree = "<group>"; };
		EE41DC2129D11E31000A1A4C /* N개의 최소 공배수.swift */ = {isa = PBXFileReference; lastKnownFileType = sourcecode.swift; path = "N개의 최소 공배수.swift"; sourceTree = "<group>"; };
		EE41DC2329D1249C000A1A4C /* 멀리 뛰기.swift */ = {isa = PBXFileReference; lastKnownFileType = sourcecode.swift; path = "멀리 뛰기.swift"; sourceTree = "<group>"; };
		EE42F9402A17364100AFDD03 /* 스킬트리.swift */ = {isa = PBXFileReference; lastKnownFileType = sourcecode.swift; path = "스킬트리.swift"; sourceTree = "<group>"; };
		EE42F94C2A187DDC00AFDD03 /* 모음 사전.swift */ = {isa = PBXFileReference; lastKnownFileType = sourcecode.swift; path = "모음 사전.swift"; sourceTree = "<group>"; };
		EE42F94E2A18895D00AFDD03 /* 가장 먼 노드.swift */ = {isa = PBXFileReference; lastKnownFileType = sourcecode.swift; path = "가장 먼 노드.swift"; sourceTree = "<group>"; };
		EE46CFEA2A1CAB1C0055E30B /* 뒤에 있는 큰 수 찾기.swift */ = {isa = PBXFileReference; lastKnownFileType = sourcecode.swift; path = "뒤에 있는 큰 수 찾기.swift"; sourceTree = "<group>"; };
		EE46CFEE2A1DCF7F0055E30B /* 2개 이하로 다른 비트.swift */ = {isa = PBXFileReference; lastKnownFileType = sourcecode.swift; path = "2개 이하로 다른 비트.swift"; sourceTree = "<group>"; };
		EE47A8992A24337200FAAC06 /* 소수 찾기.swift */ = {isa = PBXFileReference; lastKnownFileType = sourcecode.swift; path = "소수 찾기.swift"; sourceTree = "<group>"; };
		EE4CEA422A00084E002BF87E /* n^2 배열 자르기.swift */ = {isa = PBXFileReference; lastKnownFileType = sourcecode.swift; path = "n^2 배열 자르기.swift"; sourceTree = "<group>"; };
		EE4CEA462A009571002BF87E /* 의상.swift */ = {isa = PBXFileReference; lastKnownFileType = sourcecode.swift; path = "의상.swift"; sourceTree = "<group>"; };
		EE4EFAF02A0CB13700734D31 /* 압축.swift */ = {isa = PBXFileReference; lastKnownFileType = sourcecode.swift; path = "압축.swift"; sourceTree = "<group>"; };
		EE4EFAF42A0D0A5E00734D31 /* 보석 쇼핑.swift */ = {isa = PBXFileReference; lastKnownFileType = sourcecode.swift; path = "보석 쇼핑.swift"; sourceTree = "<group>"; };
		EE529E2429BDE1A7002F3371 /* 문자열 나누기.swift */ = {isa = PBXFileReference; lastKnownFileType = sourcecode.swift; path = "문자열 나누기.swift"; sourceTree = "<group>"; };
		EE529E2629BDEC66002F3371 /* 신규 아이디 추천.swift */ = {isa = PBXFileReference; lastKnownFileType = sourcecode.swift; path = "신규 아이디 추천.swift"; sourceTree = "<group>"; };
		EE53294B299B9D1700C79CF2 /* 10844.swift */ = {isa = PBXFileReference; lastKnownFileType = sourcecode.swift; path = 10844.swift; sourceTree = "<group>"; };
		EE53294D299BA74700C79CF2 /* 15486.swift */ = {isa = PBXFileReference; lastKnownFileType = sourcecode.swift; path = 15486.swift; sourceTree = "<group>"; };
		EE532952299BB2B400C79CF2 /* 12926.swift */ = {isa = PBXFileReference; lastKnownFileType = sourcecode.swift; path = 12926.swift; sourceTree = "<group>"; };
		EE53E11229C2E7B600AD7E62 /* 개인정보 수집 유효기간.swift */ = {isa = PBXFileReference; lastKnownFileType = sourcecode.swift; path = "개인정보 수집 유효기간.swift"; sourceTree = "<group>"; };
		EE54C82C2A0DFCBB00C0652E /* n진수 게임.swift */ = {isa = PBXFileReference; lastKnownFileType = sourcecode.swift; path = "n진수 게임.swift"; sourceTree = "<group>"; };
		EE661A3C299CE7FC002904A7 /* 2293.swift */ = {isa = PBXFileReference; lastKnownFileType = sourcecode.swift; path = 2293.swift; sourceTree = "<group>"; };
		EE661A3E299CFACE002904A7 /* 131705.swift */ = {isa = PBXFileReference; lastKnownFileType = sourcecode.swift; path = 131705.swift; sourceTree = "<group>"; };
		EE661A40299CFCBE002904A7 /* 86491.swift */ = {isa = PBXFileReference; lastKnownFileType = sourcecode.swift; path = 86491.swift; sourceTree = "<group>"; };
		EE6AB9332A270CB600F18596 /* 쿼드압축 후 개수 세기.swift */ = {isa = PBXFileReference; lastKnownFileType = sourcecode.swift; path = "쿼드압축 후 개수 세기.swift"; sourceTree = "<group>"; };
		EE6AEAA229AF132800AB6E16 /* 20922.swift */ = {isa = PBXFileReference; lastKnownFileType = sourcecode.swift; path = 20922.swift; sourceTree = "<group>"; };
		EE6AEAA429AF24F000AB6E16 /* 명예의 전당.swift */ = {isa = PBXFileReference; lastKnownFileType = sourcecode.swift; path = "명예의 전당.swift"; sourceTree = "<group>"; };
		EE7AB59E29E2F2DD00096E59 /* 캐시.swift */ = {isa = PBXFileReference; lastKnownFileType = sourcecode.swift; path = "캐시.swift"; sourceTree = "<group>"; };
		EE800B0E29B1ACA900BAC862 /* 20442.swift */ = {isa = PBXFileReference; lastKnownFileType = sourcecode.swift; path = 20442.swift; sourceTree = "<group>"; };
		EE8068272A19C3DA00290DE9 /* 파일명 정렬.swift */ = {isa = PBXFileReference; lastKnownFileType = sourcecode.swift; path = "파일명 정렬.swift"; sourceTree = "<group>"; };
		EE8068292A19CE2700290DE9 /* 여행 경로.swift */ = {isa = PBXFileReference; lastKnownFileType = sourcecode.swift; path = "여행 경로.swift"; sourceTree = "<group>"; };
		EE813FDB29C440680091F16E /* 신고 결과 받기.swift */ = {isa = PBXFileReference; lastKnownFileType = sourcecode.swift; path = "신고 결과 받기.swift"; sourceTree = "<group>"; };
		EE813FE829C56A120091F16E /* 바탕화면 정리.swift */ = {isa = PBXFileReference; lastKnownFileType = sourcecode.swift; path = "바탕화면 정리.swift"; sourceTree = "<group>"; };
		EE938D9129CD4895003A5BF6 /* 영어 끝말잇기.swift */ = {isa = PBXFileReference; lastKnownFileType = sourcecode.swift; path = "영어 끝말잇기.swift"; sourceTree = "<group>"; };
		EE938D9329CD502F003A5BF6 /* 카펫.swift */ = {isa = PBXFileReference; lastKnownFileType = sourcecode.swift; path = "카펫.swift"; sourceTree = "<group>"; };
		EE938D9529CD53B8003A5BF6 /* 예상 대진표.swift */ = {isa = PBXFileReference; lastKnownFileType = sourcecode.swift; path = "예상 대진표.swift"; sourceTree = "<group>"; };
		EE938DA629CE9DCF003A5BF6 /* 점프와 순간 이동.swift */ = {isa = PBXFileReference; lastKnownFileType = sourcecode.swift; path = "점프와 순간 이동.swift"; sourceTree = "<group>"; };
		EE9D44B22A1B22E900D34A37 /* 프렌즈4블록.swift */ = {isa = PBXFileReference; lastKnownFileType = sourcecode.swift; path = "프렌즈4블록.swift"; sourceTree = "<group>"; };
		EEA997F629A6208E0063F86B /* 가장 가까운 같은 글자.swift */ = {isa = PBXFileReference; lastKnownFileType = sourcecode.swift; path = "가장 가까운 같은 글자.swift"; sourceTree = "<group>"; };
		EEA997F829A6387F0063F86B /* 소수 찾기.swift */ = {isa = PBXFileReference; lastKnownFileType = sourcecode.swift; path = "소수 찾기.swift"; sourceTree = "<group>"; };
		EEA997FA29A63D7E0063F86B /* 2228.swift */ = {isa = PBXFileReference; lastKnownFileType = sourcecode.swift; path = 2228.swift; sourceTree = "<group>"; };
		EEABB43B2A15E28C0074334C /* 방문 길이.swift */ = {isa = PBXFileReference; lastKnownFileType = sourcecode.swift; path = "방문 길이.swift"; sourceTree = "<group>"; };
		EEAEC89B298CACDD001B1D62 /* AlgorithmReview */ = {isa = PBXFileReference; explicitFileType = "compiled.mach-o.executable"; includeInIndex = 0; path = AlgorithmReview; sourceTree = BUILT_PRODUCTS_DIR; };
		EEAEC89E298CACDD001B1D62 /* main.swift */ = {isa = PBXFileReference; lastKnownFileType = sourcecode.swift; path = main.swift; sourceTree = "<group>"; };
		EEC5CAF029B0677900FF4C26 /* 로또의 최고 순위와 최저 순위.swift */ = {isa = PBXFileReference; lastKnownFileType = sourcecode.swift; path = "로또의 최고 순위와 최저 순위.swift"; sourceTree = "<group>"; };
		EECCE33829B9A12E00838047 /* 키패드 누르기.swift */ = {isa = PBXFileReference; lastKnownFileType = sourcecode.swift; path = "키패드 누르기.swift"; sourceTree = "<group>"; };
		EECCE33F29BADE8500838047 /* 크레인 인형뽑기 게임.swift */ = {isa = PBXFileReference; lastKnownFileType = sourcecode.swift; path = "크레인 인형뽑기 게임.swift"; sourceTree = "<group>"; };
		EED11B52299E45A20043863E /* 문자열 내 마음대로 정렬하기.swift */ = {isa = PBXFileReference; lastKnownFileType = sourcecode.swift; path = "문자열 내 마음대로 정렬하기.swift"; sourceTree = "<group>"; };
		EED11B54299E491D0043863E /* 비밀지도.swift */ = {isa = PBXFileReference; lastKnownFileType = sourcecode.swift; path = "비밀지도.swift"; sourceTree = "<group>"; };
		EED6FC702A020BE5006F6D72 /* 2493.swift */ = {isa = PBXFileReference; lastKnownFileType = sourcecode.swift; path = 2493.swift; sourceTree = "<group>"; };
		EED6FC722A02632B006F6D72 /* 기능개발.swift */ = {isa = PBXFileReference; lastKnownFileType = sourcecode.swift; path = "기능개발.swift"; sourceTree = "<group>"; };
		EED6FC762A036698006F6D72 /* 2800.swift */ = {isa = PBXFileReference; lastKnownFileType = sourcecode.swift; path = 2800.swift; sourceTree = "<group>"; };
		EED6FC7A2A04BC9E006F6D72 /* 프로세스.swift */ = {isa = PBXFileReference; lastKnownFileType = sourcecode.swift; path = "프로세스.swift"; sourceTree = "<group>"; };
		EED6FC7D2A04D23F006F6D72 /* 네트워크.swift */ = {isa = PBXFileReference; lastKnownFileType = sourcecode.swift; path = "네트워크.swift"; sourceTree = "<group>"; };
		EED6FC7F2A0616F5006F6D72 /* 뉴스 클러스트링.swift */ = {isa = PBXFileReference; lastKnownFileType = sourcecode.swift; path = "뉴스 클러스트링.swift"; sourceTree = "<group>"; };
		EED6FC812A061FAE006F6D72 /* 단어 변환.swift */ = {isa = PBXFileReference; lastKnownFileType = sourcecode.swift; path = "단어 변환.swift"; sourceTree = "<group>"; };
		EED6FC832A076D3E006F6D72 /* 할인 행사.swift */ = {isa = PBXFileReference; lastKnownFileType = sourcecode.swift; path = "할인 행사.swift"; sourceTree = "<group>"; };
		EED6FC852A077D39006F6D72 /* 숫자 게임.swift */ = {isa = PBXFileReference; lastKnownFileType = sourcecode.swift; path = "숫자 게임.swift"; sourceTree = "<group>"; };
		EEE1154C29A775C4003FD4E3 /* 모의고사.swift */ = {isa = PBXFileReference; lastKnownFileType = sourcecode.swift; path = "모의고사.swift"; sourceTree = "<group>"; };
		EEE1155129A8427E003FD4E3 /* 소수 만들기.swift */ = {isa = PBXFileReference; lastKnownFileType = sourcecode.swift; path = "소수 만들기.swift"; sourceTree = "<group>"; };
		EEED55B329D3D40700E6EDE5 /* 괄호 회전하기.swift */ = {isa = PBXFileReference; lastKnownFileType = sourcecode.swift; path = "괄호 회전하기.swift"; sourceTree = "<group>"; };
		EEEE55AC29B6CEB300E7E1C3 /* 기사단원의 무기.swift */ = {isa = PBXFileReference; lastKnownFileType = sourcecode.swift; path = "기사단원의 무기.swift"; sourceTree = "<group>"; };
		EEF5BE592A14954800D2CA06 /* 땅따먹기.swift */ = {isa = PBXFileReference; lastKnownFileType = sourcecode.swift; path = "땅따먹기.swift"; sourceTree = "<group>"; };
		EEF6F15D299A698B00BE2AEF /* 9095.swift */ = {isa = PBXFileReference; lastKnownFileType = sourcecode.swift; path = 9095.swift; sourceTree = "<group>"; };
		EEF6F15F299A6E6100BE2AEF /* 2579.swift */ = {isa = PBXFileReference; lastKnownFileType = sourcecode.swift; path = 2579.swift; sourceTree = "<group>"; };
/* End PBXFileReference section */

/* Begin PBXFrameworksBuildPhase section */
		EEAEC898298CACDD001B1D62 /* Frameworks */ = {
			isa = PBXFrameworksBuildPhase;
			buildActionMask = 2147483647;
			files = (
			);
			runOnlyForDeploymentPostprocessing = 0;
		};
/* End PBXFrameworksBuildPhase section */

/* Begin PBXGroup section */
		EE27C54129C7E5DE00285CC5 /* BruteForce */ = {
			isa = PBXGroup;
			children = (
				EE27C54229C7E6EB00285CC5 /* 15686.swift */,
				EE27C56129CC000D00285CC5 /* 2422.swift */,
			);
			path = BruteForce;
			sourceTree = "<group>";
		};
		EE53294F299BAFDE00C79CF2 /* BOJ */ = {
			isa = PBXGroup;
			children = (
				EED6FC6F2A020BDA006F6D72 /* DataStructure */,
				EEF6F15C299A677D00BE2AEF /* DynamicProgramming */,
				EE6AEAA129AF131900AB6E16 /* TwoPointer */,
				EECCE33C29BAD8F700838047 /* GraphSearch */,
				EE27C54129C7E5DE00285CC5 /* BruteForce */,
			);
			path = BOJ;
			sourceTree = "<group>";
		};
		EE532950299BAFF000C79CF2 /* Programmers */ = {
			isa = PBXGroup;
			children = (
				EE532951299BB02900C79CF2 /* Lv1 */,
				EE813FEA29C56A9B0091F16E /* Lv2 */,
				EED6FC7C2A04D221006F6D72 /* Lv3 */,
			);
			path = Programmers;
			sourceTree = "<group>";
		};
		EE532951299BB02900C79CF2 /* Lv1 */ = {
			isa = PBXGroup;
			children = (
				EE532952299BB2B400C79CF2 /* 12926.swift */,
				EE661A3E299CFACE002904A7 /* 131705.swift */,
				EE661A40299CFCBE002904A7 /* 86491.swift */,
				EED11B54299E491D0043863E /* 비밀지도.swift */,
				EED11B52299E45A20043863E /* 문자열 내 마음대로 정렬하기.swift */,
				EE06316929A0DC3B00B3C79B /* K번째 수.swift */,
				EE06316B29A0E08A00B3C79B /* 숫자 문자열과 영단어.swift */,
				EE06316D29A0E9DE00B3C79B /* 두 개 뽑아서 더하기.swift */,
				EE06316F29A0EF0700B3C79B /* 크기가 작은 부분 문자열.swift */,
				EE06313529A38485002830FB /* 2016년.swift */,
				EE06313929A39A8D002830FB /* 콜라 문제.swift */,
				EE1E94CC29A4DE0600F228C6 /* 푸드 파이트 대회.swift */,
				EEA997F629A6208E0063F86B /* 가장 가까운 같은 글자.swift */,
				EEA997F829A6387F0063F86B /* 소수 찾기.swift */,
				EEE1154C29A775C4003FD4E3 /* 모의고사.swift */,
				EEE1155129A8427E003FD4E3 /* 소수 만들기.swift */,
				EE00BB7D29AC8463007CE728 /* 실패율.swift */,
				EE00BBA429ADB45A007CE728 /* 다트 게임.swift */,
				EE00BBA829AE1657007CE728 /* 과일 장수.swift */,
				EE6AEAA429AF24F000AB6E16 /* 명예의 전당.swift */,
				EEC5CAF029B0677900FF4C26 /* 로또의 최고 순위와 최저 순위.swift */,
				EE2E5E6B29B5884D00545253 /* 체육복.swift */,
				EE2E5E6F29B59F1A00545253 /* 숫자 짝꿍.swift */,
				EEEE55AC29B6CEB300E7E1C3 /* 기사단원의 무기.swift */,
				EE0D8E5029B8395700D96050 /* 옹알이2.swift */,
				EE0D8E5229B85C7D00D96050 /* 카드 뭉치.swift */,
				EECCE33829B9A12E00838047 /* 키패드 누르기.swift */,
				EECCE33F29BADE8500838047 /* 크레인 인형뽑기 게임.swift */,
				EE529E2429BDE1A7002F3371 /* 문자열 나누기.swift */,
				EE529E2629BDEC66002F3371 /* 신규 아이디 추천.swift */,
				EE2738AE29BEC7FE006077A3 /* 성격 유형 검사하기.swift */,
				EE2738B029BED9A0006077A3 /* 햄버거 만들기.swift */,
				EE2738B629C0360B006077A3 /* 둘만의 암호.swift */,
				EE2738C329C193A3006077A3 /* 대충 만든 자판.swift */,
				EE53E11229C2E7B600AD7E62 /* 개인정보 수집 유효기간.swift */,
				EE813FDB29C440680091F16E /* 신고 결과 받기.swift */,
				EE813FE829C56A120091F16E /* 바탕화면 정리.swift */,
			);
			path = Lv1;
			sourceTree = "<group>";
		};
		EE6AEAA129AF131900AB6E16 /* TwoPointer */ = {
			isa = PBXGroup;
			children = (
				EE6AEAA229AF132800AB6E16 /* 20922.swift */,
				EE800B0E29B1ACA900BAC862 /* 20442.swift */,
				EE2E5E6D29B58F0E00545253 /* 20366.swift */,
			);
			path = TwoPointer;
			sourceTree = "<group>";
		};
		EE813FEA29C56A9B0091F16E /* Lv2 */ = {
			isa = PBXGroup;
			children = (
				EE27C53B29C7DB0F00285CC5 /* 최댓값과 최솟값.swift */,
				EE27C53D29C7DFE900285CC5 /* JadenCase 문자열 만들기.swift */,
				EE27C53F29C7E50B00285CC5 /* 최솟값 만들기.swift */,
				EE27C55329C92B6200285CC5 /* 올바른 괄호.swift */,
				EE27C55529C92C9200285CC5 /* 이진 변환 반복하기.swift */,
				EE27C55729C934CE00285CC5 /* 피보나치 수.swift */,
				EE27C55B29CACA9600285CC5 /* 다음 큰 숫자.swift */,
				EE27C55F29CBF04700285CC5 /* 짝지어 제거하기.swift */,
				EE938D9129CD4895003A5BF6 /* 영어 끝말잇기.swift */,
				EE938D9329CD502F003A5BF6 /* 카펫.swift */,
				EE938D9529CD53B8003A5BF6 /* 예상 대진표.swift */,
				EE938DA629CE9DCF003A5BF6 /* 점프와 순간 이동.swift */,
				EE41DC2129D11E31000A1A4C /* N개의 최소 공배수.swift */,
				EE41DC2329D1249C000A1A4C /* 멀리 뛰기.swift */,
				EE3A957A29D26B0000CA1A70 /* H-Index.swift */,
				EED6FC7A2A04BC9E006F6D72 /* 프로세스.swift */,
				EEED55B329D3D40700E6EDE5 /* 괄호 회전하기.swift */,
				EE36DD0029D53DBC00A0612B /* 귤 고르기.swift */,
				EE7AB59E29E2F2DD00096E59 /* 캐시.swift */,
				EE2AE70D29E426B7007046C8 /* 행렬의 곱셈.swift */,
				EE2AE70F29E42C63007046C8 /* 튜플.swift */,
				EE4CEA422A00084E002BF87E /* n^2 배열 자르기.swift */,
				EE4CEA462A009571002BF87E /* 의상.swift */,
				EED6FC722A02632B006F6D72 /* 기능개발.swift */,
				EED6FC7F2A0616F5006F6D72 /* 뉴스 클러스트링.swift */,
				EED6FC832A076D3E006F6D72 /* 할인 행사.swift */,
				EE37A8C12A086FE50011FB44 /* 타겟 넘버.swift */,
				EE36D1042A0A5A960070A176 /* 피로도.swift */,
				EE0460B12A0B4A430054F627 /* k진수에서 소수 개수 구하기.swift */,
				EE4EFAF02A0CB13700734D31 /* 압축.swift */,
				EE54C82C2A0DFCBB00C0652E /* n진수 게임.swift */,
				EE03235F2A12008700474689 /* 주차 요금 계산.swift */,
				EE0323632A1308CE00474689 /* 오픈채팅방.swift */,
				EEF5BE592A14954800D2CA06 /* 땅따먹기.swift */,
				EEABB43B2A15E28C0074334C /* 방문 길이.swift */,
				EE42F9402A17364100AFDD03 /* 스킬트리.swift */,
				EE42F94C2A187DDC00AFDD03 /* 모음 사전.swift */,
				EE8068272A19C3DA00290DE9 /* 파일명 정렬.swift */,
				EE9D44B22A1B22E900D34A37 /* 프렌즈4블록.swift */,
				EE46CFEA2A1CAB1C0055E30B /* 뒤에 있는 큰 수 찾기.swift */,
				EE46CFEE2A1DCF7F0055E30B /* 2개 이하로 다른 비트.swift */,
				EE3D6BB62A1FB1510087DFD6 /* 숫자 변환하기.swift */,
				EE3D6BBA2A2090CD0087DFD6 /* 다리를 지나는 트럭.swift */,
				EE185F932A21A63700C623BA /* 롤케이크 자르기.swift */,
				EE2454452A22FCB000972F3F /* 가장 큰 수.swift */,
				EE47A8992A24337200FAAC06 /* 소수 찾기.swift */,
				EE6AB9332A270CB600F18596 /* 쿼드압축 후 개수 세기.swift */,
				EE3C4CD42A2B0C6D0049F737 /* 큰 수 찾기.swift */,
				EE3C4CF42A2C31130049F737 /* 삼각 달팽이.swift */,
			);
			path = Lv2;
			sourceTree = "<group>";
		};
		EEAEC892298CACDD001B1D62 = {
			isa = PBXGroup;
			children = (
				EEAEC89D298CACDD001B1D62 /* AlgorithmReview */,
				EEAEC89C298CACDD001B1D62 /* Products */,
			);
			sourceTree = "<group>";
		};
		EEAEC89C298CACDD001B1D62 /* Products */ = {
			isa = PBXGroup;
			children = (
				EEAEC89B298CACDD001B1D62 /* AlgorithmReview */,
			);
			name = Products;
			sourceTree = "<group>";
		};
		EEAEC89D298CACDD001B1D62 /* AlgorithmReview */ = {
			isa = PBXGroup;
			children = (
				EEAEC89E298CACDD001B1D62 /* main.swift */,
				EE00BB7B29AC71F4007CE728 /* FileIO.swift */,
				EE53294F299BAFDE00C79CF2 /* BOJ */,
				EE532950299BAFF000C79CF2 /* Programmers */,
			);
			path = AlgorithmReview;
			sourceTree = "<group>";
		};
		EECCE33C29BAD8F700838047 /* GraphSearch */ = {
			isa = PBXGroup;
			children = (
			);
			path = GraphSearch;
			sourceTree = "<group>";
		};
		EED6FC6F2A020BDA006F6D72 /* DataStructure */ = {
			isa = PBXGroup;
			children = (
				EED6FC702A020BE5006F6D72 /* 2493.swift */,
				EED6FC762A036698006F6D72 /* 2800.swift */,
			);
			path = DataStructure;
			sourceTree = "<group>";
		};
		EED6FC7C2A04D221006F6D72 /* Lv3 */ = {
			isa = PBXGroup;
			children = (
				EED6FC7D2A04D23F006F6D72 /* 네트워크.swift */,
				EED6FC812A061FAE006F6D72 /* 단어 변환.swift */,
				EED6FC852A077D39006F6D72 /* 숫자 게임.swift */,
				EE37A8C32A088FFD0011FB44 /* 기저국 설치.swift */,
				EE36D1062A0A604E0070A176 /* 베스트앨범.swift */,
				EE0460B32A0B622B0054F627 /* 불량 사용자.swift */,
				EE4EFAF42A0D0A5E00734D31 /* 보석 쇼핑.swift */,
				EE42F94E2A18895D00AFDD03 /* 가장 먼 노드.swift */,
				EE8068292A19CE2700290DE9 /* 여행 경로.swift */,
				EE2454472A230AC600972F3F /* 합승 택시 요금.swift */,
			);
			path = Lv3;
			sourceTree = "<group>";
		};
		EEF6F15C299A677D00BE2AEF /* DynamicProgramming */ = {
			isa = PBXGroup;
			children = (
				EEF6F15D299A698B00BE2AEF /* 9095.swift */,
				EEF6F15F299A6E6100BE2AEF /* 2579.swift */,
				EE53294B299B9D1700C79CF2 /* 10844.swift */,
				EE53294D299BA74700C79CF2 /* 15486.swift */,
				EE661A3C299CE7FC002904A7 /* 2293.swift */,
				EE06313729A38F02002830FB /* 2629.swift */,
				EEA997FA29A63D7E0063F86B /* 2228.swift */,
				EE00BB7929AC626B007CE728 /* 21941.swift */,
			);
			path = DynamicProgramming;
			sourceTree = "<group>";
		};
/* End PBXGroup section */

/* Begin PBXNativeTarget section */
		EEAEC89A298CACDD001B1D62 /* AlgorithmReview */ = {
			isa = PBXNativeTarget;
			buildConfigurationList = EEAEC8A2298CACDD001B1D62 /* Build configuration list for PBXNativeTarget "AlgorithmReview" */;
			buildPhases = (
				EEAEC897298CACDD001B1D62 /* Sources */,
				EEAEC898298CACDD001B1D62 /* Frameworks */,
				EEAEC899298CACDD001B1D62 /* CopyFiles */,
			);
			buildRules = (
			);
			dependencies = (
			);
			name = AlgorithmReview;
			productName = AlgorithmReview;
			productReference = EEAEC89B298CACDD001B1D62 /* AlgorithmReview */;
			productType = "com.apple.product-type.tool";
		};
/* End PBXNativeTarget section */

/* Begin PBXProject section */
		EEAEC893298CACDD001B1D62 /* Project object */ = {
			isa = PBXProject;
			attributes = {
				BuildIndependentTargetsInParallel = 1;
				LastSwiftUpdateCheck = 1410;
				LastUpgradeCheck = 1410;
				TargetAttributes = {
					EEAEC89A298CACDD001B1D62 = {
						CreatedOnToolsVersion = 14.1;
					};
				};
			};
			buildConfigurationList = EEAEC896298CACDD001B1D62 /* Build configuration list for PBXProject "AlgorithmReview" */;
			compatibilityVersion = "Xcode 14.0";
			developmentRegion = en;
			hasScannedForEncodings = 0;
			knownRegions = (
				en,
				Base,
			);
			mainGroup = EEAEC892298CACDD001B1D62;
			productRefGroup = EEAEC89C298CACDD001B1D62 /* Products */;
			projectDirPath = "";
			projectRoot = "";
			targets = (
				EEAEC89A298CACDD001B1D62 /* AlgorithmReview */,
			);
		};
/* End PBXProject section */

/* Begin PBXSourcesBuildPhase section */
		EEAEC897298CACDD001B1D62 /* Sources */ = {
			isa = PBXSourcesBuildPhase;
			buildActionMask = 2147483647;
			files = (
				EE2738B129BED9A0006077A3 /* 햄버거 만들기.swift in Sources */,
				EE27C55629C92C9200285CC5 /* 이진 변환 반복하기.swift in Sources */,
				EE185F942A21A63700C623BA /* 롤케이크 자르기.swift in Sources */,
				EE2454462A22FCB000972F3F /* 가장 큰 수.swift in Sources */,
				EE2738AF29BEC7FE006077A3 /* 성격 유형 검사하기.swift in Sources */,
				EE6AB9342A270CB600F18596 /* 쿼드압축 후 개수 세기.swift in Sources */,
				EED6FC7B2A04BC9E006F6D72 /* 프로세스.swift in Sources */,
				EEF5BE5A2A14954800D2CA06 /* 땅따먹기.swift in Sources */,
				EE46CFEF2A1DCF7F0055E30B /* 2개 이하로 다른 비트.swift in Sources */,
				EE80682A2A19CE2700290DE9 /* 여행 경로.swift in Sources */,
				EE813FE929C56A120091F16E /* 바탕화면 정리.swift in Sources */,
				EE36D1052A0A5A960070A176 /* 피로도.swift in Sources */,
				EE27C55429C92B6200285CC5 /* 올바른 괄호.swift in Sources */,
				EE00BBA929AE1657007CE728 /* 과일 장수.swift in Sources */,
				EEC5CAF129B0677900FF4C26 /* 로또의 최고 순위와 최저 순위.swift in Sources */,
				EE3C4CD52A2B0C6D0049F737 /* 큰 수 찾기.swift in Sources */,
				EE3C4CF52A2C31130049F737 /* 삼각 달팽이.swift in Sources */,
				EE27C54329C7E6EB00285CC5 /* 15686.swift in Sources */,
				EE0323642A1308CE00474689 /* 오픈채팅방.swift in Sources */,
				EE42F94F2A18895D00AFDD03 /* 가장 먼 노드.swift in Sources */,
				EE938D9629CD53B8003A5BF6 /* 예상 대진표.swift in Sources */,
				EE0323602A12008700474689 /* 주차 요금 계산.swift in Sources */,
				EE2454482A230AC600972F3F /* 합승 택시 요금.swift in Sources */,
				EE0460B42A0B622B0054F627 /* 불량 사용자.swift in Sources */,
				EE27C53C29C7DB0F00285CC5 /* 최댓값과 최솟값.swift in Sources */,
				EE53E11329C2E7B600AD7E62 /* 개인정보 수집 유효기간.swift in Sources */,
				EE27C54029C7E50B00285CC5 /* 최솟값 만들기.swift in Sources */,
				EED6FC772A036698006F6D72 /* 2800.swift in Sources */,
				EE3D6BBB2A2090CD0087DFD6 /* 다리를 지나는 트럭.swift in Sources */,
				EED6FC712A020BE5006F6D72 /* 2493.swift in Sources */,
				EE2738B729C0360B006077A3 /* 둘만의 암호.swift in Sources */,
				EE9D44B32A1B22E900D34A37 /* 프렌즈4블록.swift in Sources */,
				EE938D9229CD4895003A5BF6 /* 영어 끝말잇기.swift in Sources */,
				EE46CFEB2A1CAB1C0055E30B /* 뒤에 있는 큰 수 찾기.swift in Sources */,
				EE27C55829C934CE00285CC5 /* 피보나치 수.swift in Sources */,
				EE3D6BB72A1FB1510087DFD6 /* 숫자 변환하기.swift in Sources */,
				EE6AEAA529AF24F000AB6E16 /* 명예의 전당.swift in Sources */,
				EE00BBA529ADB45A007CE728 /* 다트 게임.swift in Sources */,
				EE27C56229CC000D00285CC5 /* 2422.swift in Sources */,
				EE00BB7C29AC71F4007CE728 /* FileIO.swift in Sources */,
				EEAEC89F298CACDD001B1D62 /* main.swift in Sources */,
				EE2738C429C193A3006077A3 /* 대충 만든 자판.swift in Sources */,
				EE2E5E6C29B5884D00545253 /* 체육복.swift in Sources */,
				EE54C82D2A0DFCBB00C0652E /* n진수 게임.swift in Sources */,
			);
			runOnlyForDeploymentPostprocessing = 0;
		};
/* End PBXSourcesBuildPhase section */

/* Begin XCBuildConfiguration section */
		EEAEC8A0298CACDD001B1D62 /* Debug */ = {
			isa = XCBuildConfiguration;
			buildSettings = {
				ALWAYS_SEARCH_USER_PATHS = NO;
				CLANG_ANALYZER_NONNULL = YES;
				CLANG_ANALYZER_NUMBER_OBJECT_CONVERSION = YES_AGGRESSIVE;
				CLANG_CXX_LANGUAGE_STANDARD = "gnu++20";
				CLANG_ENABLE_MODULES = YES;
				CLANG_ENABLE_OBJC_ARC = YES;
				CLANG_ENABLE_OBJC_WEAK = YES;
				CLANG_WARN_BLOCK_CAPTURE_AUTORELEASING = YES;
				CLANG_WARN_BOOL_CONVERSION = YES;
				CLANG_WARN_COMMA = YES;
				CLANG_WARN_CONSTANT_CONVERSION = YES;
				CLANG_WARN_DEPRECATED_OBJC_IMPLEMENTATIONS = YES;
				CLANG_WARN_DIRECT_OBJC_ISA_USAGE = YES_ERROR;
				CLANG_WARN_DOCUMENTATION_COMMENTS = YES;
				CLANG_WARN_EMPTY_BODY = YES;
				CLANG_WARN_ENUM_CONVERSION = YES;
				CLANG_WARN_INFINITE_RECURSION = YES;
				CLANG_WARN_INT_CONVERSION = YES;
				CLANG_WARN_NON_LITERAL_NULL_CONVERSION = YES;
				CLANG_WARN_OBJC_IMPLICIT_RETAIN_SELF = YES;
				CLANG_WARN_OBJC_LITERAL_CONVERSION = YES;
				CLANG_WARN_OBJC_ROOT_CLASS = YES_ERROR;
				CLANG_WARN_QUOTED_INCLUDE_IN_FRAMEWORK_HEADER = YES;
				CLANG_WARN_RANGE_LOOP_ANALYSIS = YES;
				CLANG_WARN_STRICT_PROTOTYPES = YES;
				CLANG_WARN_SUSPICIOUS_MOVE = YES;
				CLANG_WARN_UNGUARDED_AVAILABILITY = YES_AGGRESSIVE;
				CLANG_WARN_UNREACHABLE_CODE = YES;
				CLANG_WARN__DUPLICATE_METHOD_MATCH = YES;
				COPY_PHASE_STRIP = NO;
				DEBUG_INFORMATION_FORMAT = dwarf;
				ENABLE_STRICT_OBJC_MSGSEND = YES;
				ENABLE_TESTABILITY = YES;
				GCC_C_LANGUAGE_STANDARD = gnu11;
				GCC_DYNAMIC_NO_PIC = NO;
				GCC_NO_COMMON_BLOCKS = YES;
				GCC_OPTIMIZATION_LEVEL = 0;
				GCC_PREPROCESSOR_DEFINITIONS = (
					"DEBUG=1",
					"$(inherited)",
				);
				GCC_WARN_64_TO_32_BIT_CONVERSION = YES;
				GCC_WARN_ABOUT_RETURN_TYPE = YES_ERROR;
				GCC_WARN_UNDECLARED_SELECTOR = YES;
				GCC_WARN_UNINITIALIZED_AUTOS = YES_AGGRESSIVE;
				GCC_WARN_UNUSED_FUNCTION = YES;
				GCC_WARN_UNUSED_VARIABLE = YES;
				MACOSX_DEPLOYMENT_TARGET = 12.5;
				MTL_ENABLE_DEBUG_INFO = INCLUDE_SOURCE;
				MTL_FAST_MATH = YES;
				ONLY_ACTIVE_ARCH = YES;
				SDKROOT = macosx;
				SWIFT_ACTIVE_COMPILATION_CONDITIONS = DEBUG;
				SWIFT_OPTIMIZATION_LEVEL = "-Onone";
			};
			name = Debug;
		};
		EEAEC8A1298CACDD001B1D62 /* Release */ = {
			isa = XCBuildConfiguration;
			buildSettings = {
				ALWAYS_SEARCH_USER_PATHS = NO;
				CLANG_ANALYZER_NONNULL = YES;
				CLANG_ANALYZER_NUMBER_OBJECT_CONVERSION = YES_AGGRESSIVE;
				CLANG_CXX_LANGUAGE_STANDARD = "gnu++20";
				CLANG_ENABLE_MODULES = YES;
				CLANG_ENABLE_OBJC_ARC = YES;
				CLANG_ENABLE_OBJC_WEAK = YES;
				CLANG_WARN_BLOCK_CAPTURE_AUTORELEASING = YES;
				CLANG_WARN_BOOL_CONVERSION = YES;
				CLANG_WARN_COMMA = YES;
				CLANG_WARN_CONSTANT_CONVERSION = YES;
				CLANG_WARN_DEPRECATED_OBJC_IMPLEMENTATIONS = YES;
				CLANG_WARN_DIRECT_OBJC_ISA_USAGE = YES_ERROR;
				CLANG_WARN_DOCUMENTATION_COMMENTS = YES;
				CLANG_WARN_EMPTY_BODY = YES;
				CLANG_WARN_ENUM_CONVERSION = YES;
				CLANG_WARN_INFINITE_RECURSION = YES;
				CLANG_WARN_INT_CONVERSION = YES;
				CLANG_WARN_NON_LITERAL_NULL_CONVERSION = YES;
				CLANG_WARN_OBJC_IMPLICIT_RETAIN_SELF = YES;
				CLANG_WARN_OBJC_LITERAL_CONVERSION = YES;
				CLANG_WARN_OBJC_ROOT_CLASS = YES_ERROR;
				CLANG_WARN_QUOTED_INCLUDE_IN_FRAMEWORK_HEADER = YES;
				CLANG_WARN_RANGE_LOOP_ANALYSIS = YES;
				CLANG_WARN_STRICT_PROTOTYPES = YES;
				CLANG_WARN_SUSPICIOUS_MOVE = YES;
				CLANG_WARN_UNGUARDED_AVAILABILITY = YES_AGGRESSIVE;
				CLANG_WARN_UNREACHABLE_CODE = YES;
				CLANG_WARN__DUPLICATE_METHOD_MATCH = YES;
				COPY_PHASE_STRIP = NO;
				DEBUG_INFORMATION_FORMAT = "dwarf-with-dsym";
				ENABLE_NS_ASSERTIONS = NO;
				ENABLE_STRICT_OBJC_MSGSEND = YES;
				GCC_C_LANGUAGE_STANDARD = gnu11;
				GCC_NO_COMMON_BLOCKS = YES;
				GCC_WARN_64_TO_32_BIT_CONVERSION = YES;
				GCC_WARN_ABOUT_RETURN_TYPE = YES_ERROR;
				GCC_WARN_UNDECLARED_SELECTOR = YES;
				GCC_WARN_UNINITIALIZED_AUTOS = YES_AGGRESSIVE;
				GCC_WARN_UNUSED_FUNCTION = YES;
				GCC_WARN_UNUSED_VARIABLE = YES;
				MACOSX_DEPLOYMENT_TARGET = 12.5;
				MTL_ENABLE_DEBUG_INFO = NO;
				MTL_FAST_MATH = YES;
				SDKROOT = macosx;
				SWIFT_COMPILATION_MODE = wholemodule;
				SWIFT_OPTIMIZATION_LEVEL = "-O";
			};
			name = Release;
		};
		EEAEC8A3298CACDD001B1D62 /* Debug */ = {
			isa = XCBuildConfiguration;
			buildSettings = {
				CODE_SIGN_STYLE = Automatic;
				DEVELOPMENT_TEAM = DS2AD6Q7T4;
				ENABLE_HARDENED_RUNTIME = YES;
				PRODUCT_NAME = "$(TARGET_NAME)";
				SWIFT_VERSION = 5.0;
			};
			name = Debug;
		};
		EEAEC8A4298CACDD001B1D62 /* Release */ = {
			isa = XCBuildConfiguration;
			buildSettings = {
				CODE_SIGN_STYLE = Automatic;
				DEVELOPMENT_TEAM = DS2AD6Q7T4;
				ENABLE_HARDENED_RUNTIME = YES;
				PRODUCT_NAME = "$(TARGET_NAME)";
				SWIFT_VERSION = 5.0;
			};
			name = Release;
		};
/* End XCBuildConfiguration section */

/* Begin XCConfigurationList section */
		EEAEC896298CACDD001B1D62 /* Build configuration list for PBXProject "AlgorithmReview" */ = {
			isa = XCConfigurationList;
			buildConfigurations = (
				EEAEC8A0298CACDD001B1D62 /* Debug */,
				EEAEC8A1298CACDD001B1D62 /* Release */,
			);
			defaultConfigurationIsVisible = 0;
			defaultConfigurationName = Release;
		};
		EEAEC8A2298CACDD001B1D62 /* Build configuration list for PBXNativeTarget "AlgorithmReview" */ = {
			isa = XCConfigurationList;
			buildConfigurations = (
				EEAEC8A3298CACDD001B1D62 /* Debug */,
				EEAEC8A4298CACDD001B1D62 /* Release */,
			);
			defaultConfigurationIsVisible = 0;
			defaultConfigurationName = Release;
		};
/* End XCConfigurationList section */
	};
	rootObject = EEAEC893298CACDD001B1D62 /* Project object */;
}
